
Microsoft Visual Studio Solution File, Format Version 12.00
# Visual Studio Version 17
VisualStudioVersion = 17.5.002.0
MinimumVisualStudioVersion = 10.0.40219.1
Project("{9A19103F-16F7-4668-BE54-9A1E7A4F7556}") = "04", "04.csproj", "{95532AE2-AA51-4670-A05A-76708972B1E9}"
EndProject
Global
	GlobalSection(SolutionConfigurationPlatforms) = preSolution
		Debug|Any CPU = Debug|Any CPU
		Release|Any CPU = Release|Any CPU
	EndGlobalSection
	GlobalSection(ProjectConfigurationPlatforms) = postSolution
		{95532AE2-AA51-4670-A05A-76708972B1E9}.Debug|Any CPU.ActiveCfg = Debug|Any CPU
		{95532AE2-AA51-4670-A05A-76708972B1E9}.Debug|Any CPU.Build.0 = Debug|Any CPU
		{95532AE2-AA51-4670-A05A-76708972B1E9}.Release|Any CPU.ActiveCfg = Release|Any CPU
		{95532AE2-AA51-4670-A05A-76708972B1E9}.Release|Any CPU.Build.0 = Release|Any CPU
	EndGlobalSection
	GlobalSection(SolutionProperties) = preSolution
		HideSolutionNode = FALSE
	EndGlobalSection
	GlobalSection(ExtensibilityGlobals) = postSolution
		SolutionGuid = {2C25894B-4300-44FB-AF86-51A1AF6ED01F}
	EndGlobalSection
EndGlobal
